
Microsoft Visual Studio Solution File, Format Version 12.00
# Visual Studio 14
VisualStudioVersion = 14.0.25420.1
MinimumVisualStudioVersion = 10.0.40219.1
Project("{F184B08F-C81C-45F6-A57F-5ABD9991F28F}") = "Sapi_VB", "Sapi_VB\Sapi_VB.vbproj", "{4711B77B-C598-464B-8FC1-CEF90C7974A5}"
EndProject
Global
	GlobalSection(SolutionConfigurationPlatforms) = preSolution
		Debug|Any CPU = Debug|Any CPU
		Release|Any CPU = Release|Any CPU
	EndGlobalSection
	GlobalSection(ProjectConfigurationPlatforms) = postSolution
		{4711B77B-C598-464B-8FC1-CEF90C7974A5}.Debug|Any CPU.ActiveCfg = Debug|Any CPU
		{4711B77B-C598-464B-8FC1-CEF90C7974A5}.Debug|Any CPU.Build.0 = Debug|Any CPU
		{4711B77B-C598-464B-8FC1-CEF90C7974A5}.Release|Any CPU.ActiveCfg = Release|Any CPU
		{4711B77B-C598-464B-8FC1-CEF90C7974A5}.Release|Any CPU.Build.0 = Release|Any CPU
	EndGlobalSection
	GlobalSection(SolutionProperties) = preSolution
		HideSolutionNode = FALSE
	EndGlobalSection
EndGlobal
